
Microsoft Visual Studio Solution File, Format Version 12.00
# Visual Studio Version 17
VisualStudioVersion = 17.14.36414.22 d17.14
MinimumVisualStudioVersion = 10.0.40219.1
Project("{FAE04EC0-301F-11D3-BF4B-00C04F79EFBC}") = "TRPO12", "TRPO12\TRPO12.csproj", "{AC4B831A-6A5C-4358-8BD7-7C5D4EEDFE2D}"
EndProject
Global
	GlobalSection(SolutionConfigurationPlatforms) = preSolution
		Debug|Any CPU = Debug|Any CPU
		Release|Any CPU = Release|Any CPU
	EndGlobalSection
	GlobalSection(ProjectConfigurationPlatforms) = postSolution
		{AC4B831A-6A5C-4358-8BD7-7C5D4EEDFE2D}.Debug|Any CPU.ActiveCfg = Debug|Any CPU
		{AC4B831A-6A5C-4358-8BD7-7C5D4EEDFE2D}.Debug|Any CPU.Build.0 = Debug|Any CPU
		{AC4B831A-6A5C-4358-8BD7-7C5D4EEDFE2D}.Release|Any CPU.ActiveCfg = Release|Any CPU
		{AC4B831A-6A5C-4358-8BD7-7C5D4EEDFE2D}.Release|Any CPU.Build.0 = Release|Any CPU
	EndGlobalSection
	GlobalSection(SolutionProperties) = preSolution
		HideSolutionNode = FALSE
	EndGlobalSection
	GlobalSection(ExtensibilityGlobals) = postSolution
		SolutionGuid = {E0FA82FF-294A-4C84-8A40-F3460A493250}
	EndGlobalSection
EndGlobal
